{
    "name": "pulsar",
    "version": "1.0.0",
    "lockfileVersion": 1,
    "requires": true,
    "dependencies": {
        "pebble-clay": {
            "version": "1.0.4",
            "resolved": "https://registry.npmjs.org/pebble-clay/-/pebble-clay-1.0.4.tgz",
            "integrity": "sha1-/fkvD9x3CpecBodOqiRXzC52I0Q="
        },
        "pebble-fctx": {
            "version": "1.6.2",
            "resolved": "https://registry.npmjs.org/pebble-fctx/-/pebble-fctx-1.6.2.tgz",
            "integrity": "sha1-S/D5S7CITRuE4n0+HYLHgenHwSQ=",
            "requires": {
                "pebble-utf8": "^1.0.1"
            }
        },
        "pebble-utf8": {
            "version": "1.0.1",
            "resolved": "https://registry.npmjs.org/pebble-utf8/-/pebble-utf8-1.0.1.tgz",
            "integrity": "sha1-oEmi5tCE1td31pA50SfH6QHRuEc="
        }
    }
}
